
Microsoft Visual Studio Solution File, Format Version 12.00
# Visual Studio 15
VisualStudioVersion = 15.0.28307.1209
MinimumVisualStudioVersion = 10.0.40219.1
Project("{8BC9CEB8-8B4A-11D0-8D11-00A0C91BC942}") = "DB", "DB\DB.vcxproj", "{FADABEC3-7B73-4739-8DFD-8625697DD38C}"
EndProject
Global
	GlobalSection(SolutionConfigurationPlatforms) = preSolution
		Debug|x64 = Debug|x64
		Debug|x86 = Debug|x86
		Release|x64 = Release|x64
		Release|x86 = Release|x86
	EndGlobalSection
	GlobalSection(ProjectConfigurationPlatforms) = postSolution
		{FADABEC3-7B73-4739-8DFD-8625697DD38C}.Debug|x64.ActiveCfg = Debug|x64
		{FADABEC3-7B73-4739-8DFD-8625697DD38C}.Debug|x64.Build.0 = Debug|x64
		{FADABEC3-7B73-4739-8DFD-8625697DD38C}.Debug|x86.ActiveCfg = Debug|Win32
		{FADABEC3-7B73-4739-8DFD-8625697DD38C}.Debug|x86.Build.0 = Debug|Win32
		{FADABEC3-7B73-4739-8DFD-8625697DD38C}.Release|x64.ActiveCfg = Release|x64
		{FADABEC3-7B73-4739-8DFD-8625697DD38C}.Release|x64.Build.0 = Release|x64
		{FADABEC3-7B73-4739-8DFD-8625697DD38C}.Release|x86.ActiveCfg = Release|Win32
		{FADABEC3-7B73-4739-8DFD-8625697DD38C}.Release|x86.Build.0 = Release|Win32
	EndGlobalSection
	GlobalSection(SolutionProperties) = preSolution
		HideSolutionNode = FALSE
	EndGlobalSection
	GlobalSection(ExtensibilityGlobals) = postSolution
		SolutionGuid = {97833070-38C0-4043-8E16-3114B6DB9885}
	EndGlobalSection
EndGlobal
